// !$*UTF8*$!
{
	archiveVersion = 1;
	classes = {
	};
	objectVersion = 50;
	objects = {

/* Begin PBXBuildFile section */
		C7135D3E219E9B4600A15C6F /* Question.swift in Sources */ = {isa = PBXBuildFile; fileRef = C7135D3D219E9B4600A15C6F /* Question.swift */; };
		C7135D40219E9B5E00A15C6F /* QuestionBank.swift in Sources */ = {isa = PBXBuildFile; fileRef = C7135D3F219E9B5E00A15C6F /* QuestionBank.swift */; };
		C7135D47219ED91A00A15C6F /* ProgressHUD.bundle in Resources */ = {isa = PBXBuildFile; fileRef = C7135D44219ED91A00A15C6F /* ProgressHUD.bundle */; };
		C7135D48219ED91A00A15C6F /* ProgressHUD.m in Sources */ = {isa = PBXBuildFile; fileRef = C7135D46219ED91A00A15C6F /* ProgressHUD.m */; };
		C72DC59E2196084900FAF47C /* AppDelegate.swift in Sources */ = {isa = PBXBuildFile; fileRef = C72DC59D2196084900FAF47C /* AppDelegate.swift */; };
		C72DC5A02196084900FAF47C /* ViewController.swift in Sources */ = {isa = PBXBuildFile; fileRef = C72DC59F2196084900FAF47C /* ViewController.swift */; };
		C72DC5A32196084900FAF47C /* Main.storyboard in Resources */ = {isa = PBXBuildFile; fileRef = C72DC5A12196084900FAF47C /* Main.storyboard */; };
		C72DC5A82196084A00FAF47C /* LaunchScreen.storyboard in Resources */ = {isa = PBXBuildFile; fileRef = C72DC5A62196084A00FAF47C /* LaunchScreen.storyboard */; };
		C72DC5B021960FF900FAF47C /* pagequestion.swift in Sources */ = {isa = PBXBuildFile; fileRef = C72DC5AF21960FF900FAF47C /* pagequestion.swift */; };
		C72DC5B22196109D00FAF47C /* pagerandom.swift in Sources */ = {isa = PBXBuildFile; fileRef = C72DC5B12196109D00FAF47C /* pagerandom.swift */; };
		C72DC5B42196115700FAF47C /* pagereward.swift in Sources */ = {isa = PBXBuildFile; fileRef = C72DC5B32196115700FAF47C /* pagereward.swift */; };
		C7E2C40221A000A900451DD4 /* Media.xcassets in Resources */ = {isa = PBXBuildFile; fileRef = C7E2C40121A000A900451DD4 /* Media.xcassets */; };
		C7E2C40821A01BD000451DD4 /* right.WAV in Resources */ = {isa = PBXBuildFile; fileRef = C7E2C40421A01BD000451DD4 /* right.WAV */; };
		C7E2C40921A01BD000451DD4 /* reward.WAV in Resources */ = {isa = PBXBuildFile; fileRef = C7E2C40521A01BD000451DD4 /* reward.WAV */; };
		C7E2C40A21A01BD000451DD4 /* wrong.WAV in Resources */ = {isa = PBXBuildFile; fileRef = C7E2C40621A01BD000451DD4 /* wrong.WAV */; };
		C7E2C40B21A01BD000451DD4 /* coin.WAV in Resources */ = {isa = PBXBuildFile; fileRef = C7E2C40721A01BD000451DD4 /* coin.WAV */; };
/* End PBXBuildFile section */

/* Begin PBXFileReference section */
		C7135D3D219E9B4600A15C6F /* Question.swift */ = {isa = PBXFileReference; lastKnownFileType = sourcecode.swift; path = Question.swift; sourceTree = "<group>"; };
		C7135D3F219E9B5E00A15C6F /* QuestionBank.swift */ = {isa = PBXFileReference; lastKnownFileType = sourcecode.swift; path = QuestionBank.swift; sourceTree = "<group>"; };
		C7135D43219ED91900A15C6F /* POKE MASTER-Bridging-Header.h */ = {isa = PBXFileReference; lastKnownFileType = sourcecode.c.h; path = "POKE MASTER-Bridging-Header.h"; sourceTree = "<group>"; };
		C7135D44219ED91A00A15C6F /* ProgressHUD.bundle */ = {isa = PBXFileReference; lastKnownFileType = "wrapper.plug-in"; path = ProgressHUD.bundle; sourceTree = "<group>"; };
		C7135D45219ED91A00A15C6F /* ProgressHUD.h */ = {isa = PBXFileReference; fileEncoding = 4; lastKnownFileType = sourcecode.c.h; path = ProgressHUD.h; sourceTree = "<group>"; };
		C7135D46219ED91A00A15C6F /* ProgressHUD.m */ = {isa = PBXFileReference; fileEncoding = 4; lastKnownFileType = sourcecode.c.objc; path = ProgressHUD.m; sourceTree = "<group>"; };
		C72DC59A2196084900FAF47C /* POKE MASTER.app */ = {isa = PBXFileReference; explicitFileType = wrapper.application; includeInIndex = 0; path = "POKE MASTER.app"; sourceTree = BUILT_PRODUCTS_DIR; };
		C72DC59D2196084900FAF47C /* AppDelegate.swift */ = {isa = PBXFileReference; lastKnownFileType = sourcecode.swift; path = AppDelegate.swift; sourceTree = "<group>"; };
		C72DC59F2196084900FAF47C /* ViewController.swift */ = {isa = PBXFileReference; lastKnownFileType = sourcecode.swift; path = ViewController.swift; sourceTree = "<group>"; };
		C72DC5A22196084900FAF47C /* Base */ = {isa = PBXFileReference; lastKnownFileType = file.storyboard; name = Base; path = Base.lproj/Main.storyboard; sourceTree = "<group>"; };
		C72DC5A72196084A00FAF47C /* Base */ = {isa = PBXFileReference; lastKnownFileType = file.storyboard; name = Base; path = Base.lproj/LaunchScreen.storyboard; sourceTree = "<group>"; };
		C72DC5A92196084A00FAF47C /* Info.plist */ = {isa = PBXFileReference; lastKnownFileType = text.plist.xml; path = Info.plist; sourceTree = "<group>"; };
		C72DC5AF21960FF900FAF47C /* pagequestion.swift */ = {isa = PBXFileReference; lastKnownFileType = sourcecode.swift; path = pagequestion.swift; sourceTree = "<group>"; };
		C72DC5B12196109D00FAF47C /* pagerandom.swift */ = {isa = PBXFileReference; lastKnownFileType = sourcecode.swift; path = pagerandom.swift; sourceTree = "<group>"; };
		C72DC5B32196115700FAF47C /* pagereward.swift */ = {isa = PBXFileReference; lastKnownFileType = sourcecode.swift; path = pagereward.swift; sourceTree = "<group>"; };
		C7E2C40121A000A900451DD4 /* Media.xcassets */ = {isa = PBXFileReference; lastKnownFileType = folder.assetcatalog; path = Media.xcassets; sourceTree = "<group>"; };
		C7E2C40421A01BD000451DD4 /* right.WAV */ = {isa = PBXFileReference; lastKnownFileType = audio.wav; path = right.WAV; sourceTree = "<group>"; };
		C7E2C40521A01BD000451DD4 /* reward.WAV */ = {isa = PBXFileReference; lastKnownFileType = audio.wav; path = reward.WAV; sourceTree = "<group>"; };
		C7E2C40621A01BD000451DD4 /* wrong.WAV */ = {isa = PBXFileReference; lastKnownFileType = audio.wav; path = wrong.WAV; sourceTree = "<group>"; };
		C7E2C40721A01BD000451DD4 /* coin.WAV */ = {isa = PBXFileReference; lastKnownFileType = audio.wav; path = coin.WAV; sourceTree = "<group>"; };
/* End PBXFileReference section */

/* Begin PBXFrameworksBuildPhase section */
		C72DC5972196084900FAF47C /* Frameworks */ = {
			isa = PBXFrameworksBuildPhase;
			buildActionMask = 2147483647;
			files = (
			);
			runOnlyForDeploymentPostprocessing = 0;
		};
/* End PBXFrameworksBuildPhase section */

/* Begin PBXGroup section */
		C7135D3C219E9B1000A15C6F /* Model */ = {
			isa = PBXGroup;
			children = (
				C7135D3D219E9B4600A15C6F /* Question.swift */,
				C7135D3F219E9B5E00A15C6F /* QuestionBank.swift */,
			);
			path = Model;
			sourceTree = "<group>";
		};
		C72DC5912196084900FAF47C = {
			isa = PBXGroup;
			children = (
				C72DC59C2196084900FAF47C /* POKE MASTER */,
				C72DC59B2196084900FAF47C /* Products */,
			);
			sourceTree = "<group>";
		};
		C72DC59B2196084900FAF47C /* Products */ = {
			isa = PBXGroup;
			children = (
				C72DC59A2196084900FAF47C /* POKE MASTER.app */,
			);
			name = Products;
			sourceTree = "<group>";
		};
		C72DC59C2196084900FAF47C /* POKE MASTER */ = {
			isa = PBXGroup;
			children = (
				C72DC59D2196084900FAF47C /* AppDelegate.swift */,
				C72DC59F2196084900FAF47C /* ViewController.swift */,
				C72DC5AF21960FF900FAF47C /* pagequestion.swift */,
				C72DC5B12196109D00FAF47C /* pagerandom.swift */,
				C72DC5B32196115700FAF47C /* pagereward.swift */,
				C72DC5A12196084900FAF47C /* Main.storyboard */,
				C7E2C40121A000A900451DD4 /* Media.xcassets */,
				C7E2C40321A0196D00451DD4 /* Sound */,
				C7E2C40721A01BD000451DD4 /* coin.WAV */,
				C7E2C40521A01BD000451DD4 /* reward.WAV */,
				C7E2C40421A01BD000451DD4 /* right.WAV */,
				C7E2C40621A01BD000451DD4 /* wrong.WAV */,
				C7135D3C219E9B1000A15C6F /* Model */,
				C72DC5A62196084A00FAF47C /* LaunchScreen.storyboard */,
				C72DC5A92196084A00FAF47C /* Info.plist */,
				C7135D44219ED91A00A15C6F /* ProgressHUD.bundle */,
				C7135D45219ED91A00A15C6F /* ProgressHUD.h */,
				C7135D46219ED91A00A15C6F /* ProgressHUD.m */,
				C7135D43219ED91900A15C6F /* POKE MASTER-Bridging-Header.h */,
			);
			path = "POKE MASTER";
			sourceTree = "<group>";
		};
		C7E2C40321A0196D00451DD4 /* Sound */ = {
			isa = PBXGroup;
			children = (
			);
			path = Sound;
			sourceTree = "<group>";
		};
/* End PBXGroup section */

/* Begin PBXNativeTarget section */
		C72DC5992196084900FAF47C /* POKE MASTER */ = {
			isa = PBXNativeTarget;
			buildConfigurationList = C72DC5AC2196084A00FAF47C /* Build configuration list for PBXNativeTarget "POKE MASTER" */;
			buildPhases = (
				C72DC5962196084900FAF47C /* Sources */,
				C72DC5972196084900FAF47C /* Frameworks */,
				C72DC5982196084900FAF47C /* Resources */,
			);
			buildRules = (
			);
			dependencies = (
			);
			name = "POKE MASTER";
			productName = "POKE MASTER";
			productReference = C72DC59A2196084900FAF47C /* POKE MASTER.app */;
			productType = "com.apple.product-type.application";
		};
/* End PBXNativeTarget section */

/* Begin PBXProject section */
		C72DC5922196084900FAF47C /* Project object */ = {
			isa = PBXProject;
			attributes = {
				LastSwiftUpdateCheck = 1010;
				LastUpgradeCheck = 1010;
				ORGANIZATIONNAME = ICTSUIM;
				TargetAttributes = {
					C72DC5992196084900FAF47C = {
						CreatedOnToolsVersion = 10.1;
						LastSwiftMigration = 1010;
					};
				};
			};
			buildConfigurationList = C72DC5952196084900FAF47C /* Build configuration list for PBXProject "POKE MASTER" */;
			compatibilityVersion = "Xcode 9.3";
			developmentRegion = en;
			hasScannedForEncodings = 0;
			knownRegions = (
				en,
				Base,
			);
			mainGroup = C72DC5912196084900FAF47C;
			productRefGroup = C72DC59B2196084900FAF47C /* Products */;
			projectDirPath = "";
			projectRoot = "";
			targets = (
				C72DC5992196084900FAF47C /* POKE MASTER */,
			);
		};
/* End PBXProject section */

/* Begin PBXResourcesBuildPhase section */
		C72DC5982196084900FAF47C /* Resources */ = {
			isa = PBXResourcesBuildPhase;
			buildActionMask = 2147483647;
			files = (
				C7E2C40A21A01BD000451DD4 /* wrong.WAV in Resources */,
				C7135D47219ED91A00A15C6F /* ProgressHUD.bundle in Resources */,
				C72DC5A82196084A00FAF47C /* LaunchScreen.storyboard in Resources */,
				C7E2C40221A000A900451DD4 /* Media.xcassets in Resources */,
				C72DC5A32196084900FAF47C /* Main.storyboard in Resources */,
				C7E2C40B21A01BD000451DD4 /* coin.WAV in Resources */,
				C7E2C40821A01BD000451DD4 /* right.WAV in Resources */,
				C7E2C40921A01BD000451DD4 /* reward.WAV in Resources */,
			);
			runOnlyForDeploymentPostprocessing = 0;
		};
/* End PBXResourcesBuildPhase section */

/* Begin PBXSourcesBuildPhase section */
		C72DC5962196084900FAF47C /* Sources */ = {
			isa = PBXSourcesBuildPhase;
			buildActionMask = 2147483647;
			files = (
				C72DC5B021960FF900FAF47C /* pagequestion.swift in Sources */,
				C72DC5B42196115700FAF47C /* pagereward.swift in Sources */,
				C72DC5B22196109D00FAF47C /* pagerandom.swift in Sources */,
				C7135D3E219E9B4600A15C6F /* Question.swift in Sources */,
				C72DC5A02196084900FAF47C /* ViewController.swift in Sources */,
				C72DC59E2196084900FAF47C /* AppDelegate.swift in Sources */,
				C7135D48219ED91A00A15C6F /* ProgressHUD.m in Sources */,
				C7135D40219E9B5E00A15C6F /* QuestionBank.swift in Sources */,
			);
			runOnlyForDeploymentPostprocessing = 0;
		};
/* End PBXSourcesBuildPhase section */

/* Begin PBXVariantGroup section */
		C72DC5A12196084900FAF47C /* Main.storyboard */ = {
			isa = PBXVariantGroup;
			children = (
				C72DC5A22196084900FAF47C /* Base */,
			);
			name = Main.storyboard;
			sourceTree = "<group>";
		};
		C72DC5A62196084A00FAF47C /* LaunchScreen.storyboard */ = {
			isa = PBXVariantGroup;
			children = (
				C72DC5A72196084A00FAF47C /* Base */,
			);
			name = LaunchScreen.storyboard;
			sourceTree = "<group>";
		};
/* End PBXVariantGroup section */

/* Begin XCBuildConfiguration section */
		C72DC5AA2196084A00FAF47C /* Debug */ = {
			isa = XCBuildConfiguration;
			buildSettings = {
				ALWAYS_SEARCH_USER_PATHS = NO;
				CLANG_ANALYZER_NONNULL = YES;
				CLANG_ANALYZER_NUMBER_OBJECT_CONVERSION = YES_AGGRESSIVE;
				CLANG_CXX_LANGUAGE_STANDARD = "gnu++14";
				CLANG_CXX_LIBRARY = "libc++";
				CLANG_ENABLE_MODULES = YES;
				CLANG_ENABLE_OBJC_ARC = YES;
				CLANG_ENABLE_OBJC_WEAK = YES;
				CLANG_WARN_BLOCK_CAPTURE_AUTORELEASING = YES;
				CLANG_WARN_BOOL_CONVERSION = YES;
				CLANG_WARN_COMMA = YES;
				CLANG_WARN_CONSTANT_CONVERSION = YES;
				CLANG_WARN_DEPRECATED_OBJC_IMPLEMENTATIONS = YES;
				CLANG_WARN_DIRECT_OBJC_ISA_USAGE = YES_ERROR;
				CLANG_WARN_DOCUMENTATION_COMMENTS = YES;
				CLANG_WARN_EMPTY_BODY = YES;
				CLANG_WARN_ENUM_CONVERSION = YES;
				CLANG_WARN_INFINITE_RECURSION = YES;
				CLANG_WARN_INT_CONVERSION = YES;
				CLANG_WARN_NON_LITERAL_NULL_CONVERSION = YES;
				CLANG_WARN_OBJC_IMPLICIT_RETAIN_SELF = YES;
				CLANG_WARN_OBJC_LITERAL_CONVERSION = YES;
				CLANG_WARN_OBJC_ROOT_CLASS = YES_ERROR;
				CLANG_WARN_RANGE_LOOP_ANALYSIS = YES;
				CLANG_WARN_STRICT_PROTOTYPES = YES;
				CLANG_WARN_SUSPICIOUS_MOVE = YES;
				CLANG_WARN_UNGUARDED_AVAILABILITY = YES_AGGRESSIVE;
				CLANG_WARN_UNREACHABLE_CODE = YES;
				CLANG_WARN__DUPLICATE_METHOD_MATCH = YES;
				CODE_SIGN_IDENTITY = "iPhone Developer";
				COPY_PHASE_STRIP = NO;
				DEBUG_INFORMATION_FORMAT = dwarf;
				ENABLE_STRICT_OBJC_MSGSEND = YES;
				ENABLE_TESTABILITY = YES;
				GCC_C_LANGUAGE_STANDARD = gnu11;
				GCC_DYNAMIC_NO_PIC = NO;
				GCC_NO_COMMON_BLOCKS = YES;
				GCC_OPTIMIZATION_LEVEL = 0;
				GCC_PREPROCESSOR_DEFINITIONS = (
					"DEBUG=1",
					"$(inherited)",
				);
				GCC_WARN_64_TO_32_BIT_CONVERSION = YES;
				GCC_WARN_ABOUT_RETURN_TYPE = YES_ERROR;
				GCC_WARN_UNDECLARED_SELECTOR = YES;
				GCC_WARN_UNINITIALIZED_AUTOS = YES_AGGRESSIVE;
				GCC_WARN_UNUSED_FUNCTION = YES;
				GCC_WARN_UNUSED_VARIABLE = YES;
				IPHONEOS_DEPLOYMENT_TARGET = 12.1;
				MTL_ENABLE_DEBUG_INFO = INCLUDE_SOURCE;
				MTL_FAST_MATH = YES;
				ONLY_ACTIVE_ARCH = YES;
				SDKROOT = iphoneos;
				SWIFT_ACTIVE_COMPILATION_CONDITIONS = DEBUG;
				SWIFT_OPTIMIZATION_LEVEL = "-Onone";
			};
			name = Debug;
		};
		C72DC5AB2196084A00FAF47C /* Release */ = {
			isa = XCBuildConfiguration;
			buildSettings = {
				ALWAYS_SEARCH_USER_PATHS = NO;
				CLANG_ANALYZER_NONNULL = YES;
				CLANG_ANALYZER_NUMBER_OBJECT_CONVERSION = YES_AGGRESSIVE;
				CLANG_CXX_LANGUAGE_STANDARD = "gnu++14";
				CLANG_CXX_LIBRARY = "libc++";
				CLANG_ENABLE_MODULES = YES;
				CLANG_ENABLE_OBJC_ARC = YES;
				CLANG_ENABLE_OBJC_WEAK = YES;
				CLANG_WARN_BLOCK_CAPTURE_AUTORELEASING = YES;
				CLANG_WARN_BOOL_CONVERSION = YES;
				CLANG_WARN_COMMA = YES;
				CLANG_WARN_CONSTANT_CONVERSION = YES;
				CLANG_WARN_DEPRECATED_OBJC_IMPLEMENTATIONS = YES;
				CLANG_WARN_DIRECT_OBJC_ISA_USAGE = YES_ERROR;
				CLANG_WARN_DOCUMENTATION_COMMENTS = YES;
				CLANG_WARN_EMPTY_BODY = YES;
				CLANG_WARN_ENUM_CONVERSION = YES;
				CLANG_WARN_INFINITE_RECURSION = YES;
				CLANG_WARN_INT_CONVERSION = YES;
				CLANG_WARN_NON_LITERAL_NULL_CONVERSION = YES;
				CLANG_WARN_OBJC_IMPLICIT_RETAIN_SELF = YES;
				CLANG_WARN_OBJC_LITERAL_CONVERSION = YES;
				CLANG_WARN_OBJC_ROOT_CLASS = YES_ERROR;
				CLANG_WARN_RANGE_LOOP_ANALYSIS = YES;
				CLANG_WARN_STRICT_PROTOTYPES = YES;
				CLANG_WARN_SUSPICIOUS_MOVE = YES;
				CLANG_WARN_UNGUARDED_AVAILABILITY = YES_AGGRESSIVE;
				CLANG_WARN_UNREACHABLE_CODE = YES;
				CLANG_WARN__DUPLICATE_METHOD_MATCH = YES;
				CODE_SIGN_IDENTITY = "iPhone Developer";
				COPY_PHASE_STRIP = NO;
				DEBUG_INFORMATION_FORMAT = "dwarf-with-dsym";
				ENABLE_NS_ASSERTIONS = NO;
				ENABLE_STRICT_OBJC_MSGSEND = YES;
				GCC_C_LANGUAGE_STANDARD = gnu11;
				GCC_NO_COMMON_BLOCKS = YES;
				GCC_WARN_64_TO_32_BIT_CONVERSION = YES;
				GCC_WARN_ABOUT_RETURN_TYPE = YES_ERROR;
				GCC_WARN_UNDECLARED_SELECTOR = YES;
				GCC_WARN_UNINITIALIZED_AUTOS = YES_AGGRESSIVE;
				GCC_WARN_UNUSED_FUNCTION = YES;
				GCC_WARN_UNUSED_VARIABLE = YES;
				IPHONEOS_DEPLOYMENT_TARGET = 12.1;
				MTL_ENABLE_DEBUG_INFO = NO;
				MTL_FAST_MATH = YES;
				SDKROOT = iphoneos;
				SWIFT_COMPILATION_MODE = wholemodule;
				SWIFT_OPTIMIZATION_LEVEL = "-O";
				VALIDATE_PRODUCT = YES;
			};
			name = Release;
		};
		C72DC5AD2196084A00FAF47C /* Debug */ = {
			isa = XCBuildConfiguration;
			buildSettings = {
				ASSETCATALOG_COMPILER_APPICON_NAME = AppIcon;
				CLANG_ENABLE_MODULES = YES;
				CODE_SIGN_STYLE = Automatic;
				DEVELOPMENT_TEAM = 9VS6RCC82B;
				INFOPLIST_FILE = "POKE MASTER/Info.plist";
				LD_RUNPATH_SEARCH_PATHS = (
					"$(inherited)",
					"@executable_path/Frameworks",
				);
				PRODUCT_BUNDLE_IDENTIFIER = "th.ac.su.ict.prasert.POKE-MASTER";
				PRODUCT_NAME = "$(TARGET_NAME)";
				SWIFT_OBJC_BRIDGING_HEADER = "POKE MASTER/POKE MASTER-Bridging-Header.h";
				SWIFT_OPTIMIZATION_LEVEL = "-Onone";
				SWIFT_VERSION = 4.2;
				TARGETED_DEVICE_FAMILY = 1;
			};
			name = Debug;
		};
		C72DC5AE2196084A00FAF47C /* Release */ = {
			isa = XCBuildConfiguration;
			buildSettings = {
				ASSETCATALOG_COMPILER_APPICON_NAME = AppIcon;
				CLANG_ENABLE_MODULES = YES;
				CODE_SIGN_STYLE = Automatic;
				DEVELOPMENT_TEAM = 9VS6RCC82B;
				INFOPLIST_FILE = "POKE MASTER/Info.plist";
				LD_RUNPATH_SEARCH_PATHS = (
					"$(inherited)",
					"@executable_path/Frameworks",
				);
				PRODUCT_BUNDLE_IDENTIFIER = "th.ac.su.ict.prasert.POKE-MASTER";
				PRODUCT_NAME = "$(TARGET_NAME)";
				SWIFT_OBJC_BRIDGING_HEADER = "POKE MASTER/POKE MASTER-Bridging-Header.h";
				SWIFT_VERSION = 4.2;
				TARGETED_DEVICE_FAMILY = 1;
			};
			name = Release;
		};
/* End XCBuildConfiguration section */

/* Begin XCConfigurationList section */
		C72DC5952196084900FAF47C /* Build configuration list for PBXProject "POKE MASTER" */ = {
			isa = XCConfigurationList;
			buildConfigurations = (
				C72DC5AA2196084A00FAF47C /* Debug */,
				C72DC5AB2196084A00FAF47C /* Release */,
			);
			defaultConfigurationIsVisible = 0;
			defaultConfigurationName = Release;
		};
		C72DC5AC2196084A00FAF47C /* Build configuration list for PBXNativeTarget "POKE MASTER" */ = {
			isa = XCConfigurationList;
			buildConfigurations = (
				C72DC5AD2196084A00FAF47C /* Debug */,
				C72DC5AE2196084A00FAF47C /* Release */,
			);
			defaultConfigurationIsVisible = 0;
			defaultConfigurationName = Release;
		};
/* End XCConfigurationList section */
	};
	rootObject = C72DC5922196084900FAF47C /* Project object */;
}
